// !$*UTF8*$!
{
	archiveVersion = 1;
	classes = {
	};
	objectVersion = 55;
	objects = {

/* Begin PBXBuildFile section */
		469671B427A46B7300E3EC49 /* AppDelegate.swift in Sources */ = {isa = PBXBuildFile; fileRef = 469671B327A46B7300E3EC49 /* AppDelegate.swift */; };
		469671B627A46B7300E3EC49 /* SceneDelegate.swift in Sources */ = {isa = PBXBuildFile; fileRef = 469671B527A46B7300E3EC49 /* SceneDelegate.swift */; };
		469671B827A46B7300E3EC49 /* ViewController.swift in Sources */ = {isa = PBXBuildFile; fileRef = 469671B727A46B7300E3EC49 /* ViewController.swift */; };
		469671BB27A46B7300E3EC49 /* Main.storyboard in Resources */ = {isa = PBXBuildFile; fileRef = 469671B927A46B7300E3EC49 /* Main.storyboard */; };
		469671BD27A46B7B00E3EC49 /* Assets.xcassets in Resources */ = {isa = PBXBuildFile; fileRef = 469671BC27A46B7B00E3EC49 /* Assets.xcassets */; };
		469671C027A46B7B00E3EC49 /* LaunchScreen.storyboard in Resources */ = {isa = PBXBuildFile; fileRef = 469671BE27A46B7B00E3EC49 /* LaunchScreen.storyboard */; };
		469671CB27A46B7B00E3EC49 /* StarWarsChallangeTests.swift in Sources */ = {isa = PBXBuildFile; fileRef = 469671CA27A46B7B00E3EC49 /* StarWarsChallangeTests.swift */; };
		469671D527A46B7B00E3EC49 /* StarWarsChallangeUITests.swift in Sources */ = {isa = PBXBuildFile; fileRef = 469671D427A46B7B00E3EC49 /* StarWarsChallangeUITests.swift */; };
		469671D727A46B7B00E3EC49 /* StarWarsChallangeUITestsLaunchTests.swift in Sources */ = {isa = PBXBuildFile; fileRef = 469671D627A46B7B00E3EC49 /* StarWarsChallangeUITestsLaunchTests.swift */; };
		469671E727A46EE700E3EC49 /* CharactersCell.swift in Sources */ = {isa = PBXBuildFile; fileRef = 469671E627A46EE700E3EC49 /* CharactersCell.swift */; };
		469671E927A49C6200E3EC49 /* ApiController.swift in Sources */ = {isa = PBXBuildFile; fileRef = 469671E827A49C6200E3EC49 /* ApiController.swift */; };
		469671ED27A49D6500E3EC49 /* NetworkError.swift in Sources */ = {isa = PBXBuildFile; fileRef = 469671EC27A49D6500E3EC49 /* NetworkError.swift */; };
		469671EF27A4A10500E3EC49 /* StarWarsViewModel.swift in Sources */ = {isa = PBXBuildFile; fileRef = 469671EE27A4A10500E3EC49 /* StarWarsViewModel.swift */; };
		469671F127A4A13200E3EC49 /* Person.swift in Sources */ = {isa = PBXBuildFile; fileRef = 469671F027A4A13200E3EC49 /* Person.swift */; };
		469671F327A4A14400E3EC49 /* Film.swift in Sources */ = {isa = PBXBuildFile; fileRef = 469671F227A4A14400E3EC49 /* Film.swift */; };
		469671F727A4A20C00E3EC49 /* Vehicle.swift in Sources */ = {isa = PBXBuildFile; fileRef = 469671F627A4A20C00E3EC49 /* Vehicle.swift */; };
/* End PBXBuildFile section */

/* Begin PBXContainerItemProxy section */
		469671C727A46B7B00E3EC49 /* PBXContainerItemProxy */ = {
			isa = PBXContainerItemProxy;
			containerPortal = 469671A827A46B7300E3EC49 /* Project object */;
			proxyType = 1;
			remoteGlobalIDString = 469671AF27A46B7300E3EC49;
			remoteInfo = StarWarsChallange;
		};
		469671D127A46B7B00E3EC49 /* PBXContainerItemProxy */ = {
			isa = PBXContainerItemProxy;
			containerPortal = 469671A827A46B7300E3EC49 /* Project object */;
			proxyType = 1;
			remoteGlobalIDString = 469671AF27A46B7300E3EC49;
			remoteInfo = StarWarsChallange;
		};
/* End PBXContainerItemProxy section */

/* Begin PBXFileReference section */
		469671B027A46B7300E3EC49 /* StarWarsChallange.app */ = {isa = PBXFileReference; explicitFileType = wrapper.application; includeInIndex = 0; path = StarWarsChallange.app; sourceTree = BUILT_PRODUCTS_DIR; };
		469671B327A46B7300E3EC49 /* AppDelegate.swift */ = {isa = PBXFileReference; lastKnownFileType = sourcecode.swift; path = AppDelegate.swift; sourceTree = "<group>"; };
		469671B527A46B7300E3EC49 /* SceneDelegate.swift */ = {isa = PBXFileReference; lastKnownFileType = sourcecode.swift; path = SceneDelegate.swift; sourceTree = "<group>"; };
		469671B727A46B7300E3EC49 /* ViewController.swift */ = {isa = PBXFileReference; lastKnownFileType = sourcecode.swift; path = ViewController.swift; sourceTree = "<group>"; };
		469671BA27A46B7300E3EC49 /* Base */ = {isa = PBXFileReference; lastKnownFileType = file.storyboard; name = Base; path = Base.lproj/Main.storyboard; sourceTree = "<group>"; };
		469671BC27A46B7B00E3EC49 /* Assets.xcassets */ = {isa = PBXFileReference; lastKnownFileType = folder.assetcatalog; path = Assets.xcassets; sourceTree = "<group>"; };
		469671BF27A46B7B00E3EC49 /* Base */ = {isa = PBXFileReference; lastKnownFileType = file.storyboard; name = Base; path = Base.lproj/LaunchScreen.storyboard; sourceTree = "<group>"; };
		469671C127A46B7B00E3EC49 /* Info.plist */ = {isa = PBXFileReference; lastKnownFileType = text.plist.xml; path = Info.plist; sourceTree = "<group>"; };
		469671C627A46B7B00E3EC49 /* StarWarsChallangeTests.xctest */ = {isa = PBXFileReference; explicitFileType = wrapper.cfbundle; includeInIndex = 0; path = StarWarsChallangeTests.xctest; sourceTree = BUILT_PRODUCTS_DIR; };
		469671CA27A46B7B00E3EC49 /* StarWarsChallangeTests.swift */ = {isa = PBXFileReference; lastKnownFileType = sourcecode.swift; path = StarWarsChallangeTests.swift; sourceTree = "<group>"; };
		469671D027A46B7B00E3EC49 /* StarWarsChallangeUITests.xctest */ = {isa = PBXFileReference; explicitFileType = wrapper.cfbundle; includeInIndex = 0; path = StarWarsChallangeUITests.xctest; sourceTree = BUILT_PRODUCTS_DIR; };
		469671D427A46B7B00E3EC49 /* StarWarsChallangeUITests.swift */ = {isa = PBXFileReference; lastKnownFileType = sourcecode.swift; path = StarWarsChallangeUITests.swift; sourceTree = "<group>"; };
		469671D627A46B7B00E3EC49 /* StarWarsChallangeUITestsLaunchTests.swift */ = {isa = PBXFileReference; lastKnownFileType = sourcecode.swift; path = StarWarsChallangeUITestsLaunchTests.swift; sourceTree = "<group>"; };
		469671E627A46EE700E3EC49 /* CharactersCell.swift */ = {isa = PBXFileReference; lastKnownFileType = sourcecode.swift; path = CharactersCell.swift; sourceTree = "<group>"; };
		469671E827A49C6200E3EC49 /* ApiController.swift */ = {isa = PBXFileReference; lastKnownFileType = sourcecode.swift; path = ApiController.swift; sourceTree = "<group>"; };
		469671EC27A49D6500E3EC49 /* NetworkError.swift */ = {isa = PBXFileReference; lastKnownFileType = sourcecode.swift; path = NetworkError.swift; sourceTree = "<group>"; };
		469671EE27A4A10500E3EC49 /* StarWarsViewModel.swift */ = {isa = PBXFileReference; lastKnownFileType = sourcecode.swift; path = StarWarsViewModel.swift; sourceTree = "<group>"; };
		469671F027A4A13200E3EC49 /* Person.swift */ = {isa = PBXFileReference; lastKnownFileType = sourcecode.swift; path = Person.swift; sourceTree = "<group>"; };
		469671F227A4A14400E3EC49 /* Film.swift */ = {isa = PBXFileReference; lastKnownFileType = sourcecode.swift; path = Film.swift; sourceTree = "<group>"; };
		469671F627A4A20C00E3EC49 /* Vehicle.swift */ = {isa = PBXFileReference; lastKnownFileType = sourcecode.swift; path = Vehicle.swift; sourceTree = "<group>"; };
/* End PBXFileReference section */

/* Begin PBXFrameworksBuildPhase section */
		469671AD27A46B7300E3EC49 /* Frameworks */ = {
			isa = PBXFrameworksBuildPhase;
			buildActionMask = 2147483647;
			files = (
			);
			runOnlyForDeploymentPostprocessing = 0;
		};
		469671C327A46B7B00E3EC49 /* Frameworks */ = {
			isa = PBXFrameworksBuildPhase;
			buildActionMask = 2147483647;
			files = (
			);
			runOnlyForDeploymentPostprocessing = 0;
		};
		469671CD27A46B7B00E3EC49 /* Frameworks */ = {
			isa = PBXFrameworksBuildPhase;
			buildActionMask = 2147483647;
			files = (
			);
			runOnlyForDeploymentPostprocessing = 0;
		};
/* End PBXFrameworksBuildPhase section */

/* Begin PBXGroup section */
		469671A727A46B7300E3EC49 = {
			isa = PBXGroup;
			children = (
				469671B227A46B7300E3EC49 /* StarWarsChallange */,
				469671C927A46B7B00E3EC49 /* StarWarsChallangeTests */,
				469671D327A46B7B00E3EC49 /* StarWarsChallangeUITests */,
				469671B127A46B7300E3EC49 /* Products */,
			);
			sourceTree = "<group>";
		};
		469671B127A46B7300E3EC49 /* Products */ = {
			isa = PBXGroup;
			children = (
				469671B027A46B7300E3EC49 /* StarWarsChallange.app */,
				469671C627A46B7B00E3EC49 /* StarWarsChallangeTests.xctest */,
				469671D027A46B7B00E3EC49 /* StarWarsChallangeUITests.xctest */,
			);
			name = Products;
			sourceTree = "<group>";
		};
		469671B227A46B7300E3EC49 /* StarWarsChallange */ = {
			isa = PBXGroup;
			children = (
				469671EA27A49D2500E3EC49 /* Enum */,
				469671E527A46EB800E3EC49 /* Views */,
				469671E427A46EAC00E3EC49 /* Control */,
				469671E327A46EA000E3EC49 /* Model */,
				469671B327A46B7300E3EC49 /* AppDelegate.swift */,
				469671B527A46B7300E3EC49 /* SceneDelegate.swift */,
				469671BC27A46B7B00E3EC49 /* Assets.xcassets */,
				469671BE27A46B7B00E3EC49 /* LaunchScreen.storyboard */,
				469671C127A46B7B00E3EC49 /* Info.plist */,
			);
			path = StarWarsChallange;
			sourceTree = "<group>";
		};
		469671C927A46B7B00E3EC49 /* StarWarsChallangeTests */ = {
			isa = PBXGroup;
			children = (
				469671CA27A46B7B00E3EC49 /* StarWarsChallangeTests.swift */,
			);
			path = StarWarsChallangeTests;
			sourceTree = "<group>";
		};
		469671D327A46B7B00E3EC49 /* StarWarsChallangeUITests */ = {
			isa = PBXGroup;
			children = (
				469671D427A46B7B00E3EC49 /* StarWarsChallangeUITests.swift */,
				469671D627A46B7B00E3EC49 /* StarWarsChallangeUITestsLaunchTests.swift */,
			);
			path = StarWarsChallangeUITests;
			sourceTree = "<group>";
		};
		469671E327A46EA000E3EC49 /* Model */ = {
			isa = PBXGroup;
			children = (
				469671E627A46EE700E3EC49 /* CharactersCell.swift */,
				469671EE27A4A10500E3EC49 /* StarWarsViewModel.swift */,
				469671F027A4A13200E3EC49 /* Person.swift */,
				469671F227A4A14400E3EC49 /* Film.swift */,
				469671F627A4A20C00E3EC49 /* Vehicle.swift */,
			);
			path = Model;
			sourceTree = "<group>";
		};
		469671E427A46EAC00E3EC49 /* Control */ = {
			isa = PBXGroup;
			children = (
				469671B727A46B7300E3EC49 /* ViewController.swift */,
				469671E827A49C6200E3EC49 /* ApiController.swift */,
			);
			path = Control;
			sourceTree = "<group>";
		};
		469671E527A46EB800E3EC49 /* Views */ = {
			isa = PBXGroup;
			children = (
				469671B927A46B7300E3EC49 /* Main.storyboard */,
			);
			path = Views;
			sourceTree = "<group>";
		};
		469671EA27A49D2500E3EC49 /* Enum */ = {
			isa = PBXGroup;
			children = (
				469671EC27A49D6500E3EC49 /* NetworkError.swift */,
			);
			path = Enum;
			sourceTree = "<group>";
		};
/* End PBXGroup section */

/* Begin PBXNativeTarget section */
		469671AF27A46B7300E3EC49 /* StarWarsChallange */ = {
			isa = PBXNativeTarget;
			buildConfigurationList = 469671DA27A46B7B00E3EC49 /* Build configuration list for PBXNativeTarget "StarWarsChallange" */;
			buildPhases = (
				469671AC27A46B7300E3EC49 /* Sources */,
				469671AD27A46B7300E3EC49 /* Frameworks */,
				469671AE27A46B7300E3EC49 /* Resources */,
			);
			buildRules = (
			);
			dependencies = (
			);
			name = StarWarsChallange;
			productName = StarWarsChallange;
			productReference = 469671B027A46B7300E3EC49 /* StarWarsChallange.app */;
			productType = "com.apple.product-type.application";
		};
		469671C527A46B7B00E3EC49 /* StarWarsChallangeTests */ = {
			isa = PBXNativeTarget;
			buildConfigurationList = 469671DD27A46B7B00E3EC49 /* Build configuration list for PBXNativeTarget "StarWarsChallangeTests" */;
			buildPhases = (
				469671C227A46B7B00E3EC49 /* Sources */,
				469671C327A46B7B00E3EC49 /* Frameworks */,
				469671C427A46B7B00E3EC49 /* Resources */,
			);
			buildRules = (
			);
			dependencies = (
				469671C827A46B7B00E3EC49 /* PBXTargetDependency */,
			);
			name = StarWarsChallangeTests;
			productName = StarWarsChallangeTests;
			productReference = 469671C627A46B7B00E3EC49 /* StarWarsChallangeTests.xctest */;
			productType = "com.apple.product-type.bundle.unit-test";
		};
		469671CF27A46B7B00E3EC49 /* StarWarsChallangeUITests */ = {
			isa = PBXNativeTarget;
			buildConfigurationList = 469671E027A46B7B00E3EC49 /* Build configuration list for PBXNativeTarget "StarWarsChallangeUITests" */;
			buildPhases = (
				469671CC27A46B7B00E3EC49 /* Sources */,
				469671CD27A46B7B00E3EC49 /* Frameworks */,
				469671CE27A46B7B00E3EC49 /* Resources */,
			);
			buildRules = (
			);
			dependencies = (
				469671D227A46B7B00E3EC49 /* PBXTargetDependency */,
			);
			name = StarWarsChallangeUITests;
			productName = StarWarsChallangeUITests;
			productReference = 469671D027A46B7B00E3EC49 /* StarWarsChallangeUITests.xctest */;
			productType = "com.apple.product-type.bundle.ui-testing";
		};
/* End PBXNativeTarget section */

/* Begin PBXProject section */
		469671A827A46B7300E3EC49 /* Project object */ = {
			isa = PBXProject;
			attributes = {
				BuildIndependentTargetsInParallel = 1;
				LastSwiftUpdateCheck = 1300;
				LastUpgradeCheck = 1300;
				TargetAttributes = {
					469671AF27A46B7300E3EC49 = {
						CreatedOnToolsVersion = 13.0;
					};
					469671C527A46B7B00E3EC49 = {
						CreatedOnToolsVersion = 13.0;
						TestTargetID = 469671AF27A46B7300E3EC49;
					};
					469671CF27A46B7B00E3EC49 = {
						CreatedOnToolsVersion = 13.0;
						TestTargetID = 469671AF27A46B7300E3EC49;
					};
				};
			};
			buildConfigurationList = 469671AB27A46B7300E3EC49 /* Build configuration list for PBXProject "StarWarsChallange" */;
			compatibilityVersion = "Xcode 13.0";
			developmentRegion = en;
			hasScannedForEncodings = 0;
			knownRegions = (
				en,
				Base,
			);
			mainGroup = 469671A727A46B7300E3EC49;
			productRefGroup = 469671B127A46B7300E3EC49 /* Products */;
			projectDirPath = "";
			projectRoot = "";
			targets = (
				469671AF27A46B7300E3EC49 /* StarWarsChallange */,
				469671C527A46B7B00E3EC49 /* StarWarsChallangeTests */,
				469671CF27A46B7B00E3EC49 /* StarWarsChallangeUITests */,
			);
		};
/* End PBXProject section */

/* Begin PBXResourcesBuildPhase section */
		469671AE27A46B7300E3EC49 /* Resources */ = {
			isa = PBXResourcesBuildPhase;
			buildActionMask = 2147483647;
			files = (
				469671C027A46B7B00E3EC49 /* LaunchScreen.storyboard in Resources */,
				469671BD27A46B7B00E3EC49 /* Assets.xcassets in Resources */,
				469671BB27A46B7300E3EC49 /* Main.storyboard in Resources */,
			);
			runOnlyForDeploymentPostprocessing = 0;
		};
		469671C427A46B7B00E3EC49 /* Resources */ = {
			isa = PBXResourcesBuildPhase;
			buildActionMask = 2147483647;
			files = (
			);
			runOnlyForDeploymentPostprocessing = 0;
		};
		469671CE27A46B7B00E3EC49 /* Resources */ = {
			isa = PBXResourcesBuildPhase;
			buildActionMask = 2147483647;
			files = (
			);
			runOnlyForDeploymentPostprocessing = 0;
		};
/* End PBXResourcesBuildPhase section */

/* Begin PBXSourcesBuildPhase section */
		469671AC27A46B7300E3EC49 /* Sources */ = {
			isa = PBXSourcesBuildPhase;
			buildActionMask = 2147483647;
			files = (
				469671EF27A4A10500E3EC49 /* StarWarsViewModel.swift in Sources */,
				469671B827A46B7300E3EC49 /* ViewController.swift in Sources */,
				469671B427A46B7300E3EC49 /* AppDelegate.swift in Sources */,
				469671E927A49C6200E3EC49 /* ApiController.swift in Sources */,
				469671ED27A49D6500E3EC49 /* NetworkError.swift in Sources */,
				469671B627A46B7300E3EC49 /* SceneDelegate.swift in Sources */,
				469671F127A4A13200E3EC49 /* Person.swift in Sources */,
				469671F327A4A14400E3EC49 /* Film.swift in Sources */,
				469671F727A4A20C00E3EC49 /* Vehicle.swift in Sources */,
				469671E727A46EE700E3EC49 /* CharactersCell.swift in Sources */,
			);
			runOnlyForDeploymentPostprocessing = 0;
		};
		469671C227A46B7B00E3EC49 /* Sources */ = {
			isa = PBXSourcesBuildPhase;
			buildActionMask = 2147483647;
			files = (
				469671CB27A46B7B00E3EC49 /* StarWarsChallangeTests.swift in Sources */,
			);
			runOnlyForDeploymentPostprocessing = 0;
		};
		469671CC27A46B7B00E3EC49 /* Sources */ = {
			isa = PBXSourcesBuildPhase;
			buildActionMask = 2147483647;
			files = (
				469671D527A46B7B00E3EC49 /* StarWarsChallangeUITests.swift in Sources */,
				469671D727A46B7B00E3EC49 /* StarWarsChallangeUITestsLaunchTests.swift in Sources */,
			);
			runOnlyForDeploymentPostprocessing = 0;
		};
/* End PBXSourcesBuildPhase section */

/* Begin PBXTargetDependency section */
		469671C827A46B7B00E3EC49 /* PBXTargetDependency */ = {
			isa = PBXTargetDependency;
			target = 469671AF27A46B7300E3EC49 /* StarWarsChallange */;
			targetProxy = 469671C727A46B7B00E3EC49 /* PBXContainerItemProxy */;
		};
		469671D227A46B7B00E3EC49 /* PBXTargetDependency */ = {
			isa = PBXTargetDependency;
			target = 469671AF27A46B7300E3EC49 /* StarWarsChallange */;
			targetProxy = 469671D127A46B7B00E3EC49 /* PBXContainerItemProxy */;
		};
/* End PBXTargetDependency section */

/* Begin PBXVariantGroup section */
		469671B927A46B7300E3EC49 /* Main.storyboard */ = {
			isa = PBXVariantGroup;
			children = (
				469671BA27A46B7300E3EC49 /* Base */,
			);
			name = Main.storyboard;
			sourceTree = "<group>";
		};
		469671BE27A46B7B00E3EC49 /* LaunchScreen.storyboard */ = {
			isa = PBXVariantGroup;
			children = (
				469671BF27A46B7B00E3EC49 /* Base */,
			);
			name = LaunchScreen.storyboard;
			sourceTree = "<group>";
		};
/* End PBXVariantGroup section */

/* Begin XCBuildConfiguration section */
		469671D827A46B7B00E3EC49 /* Debug */ = {
			isa = XCBuildConfiguration;
			buildSettings = {
				ALWAYS_SEARCH_USER_PATHS = NO;
				CLANG_ANALYZER_NONNULL = YES;
				CLANG_ANALYZER_NUMBER_OBJECT_CONVERSION = YES_AGGRESSIVE;
				CLANG_CXX_LANGUAGE_STANDARD = "gnu++17";
				CLANG_CXX_LIBRARY = "libc++";
				CLANG_ENABLE_MODULES = YES;
				CLANG_ENABLE_OBJC_ARC = YES;
				CLANG_ENABLE_OBJC_WEAK = YES;
				CLANG_WARN_BLOCK_CAPTURE_AUTORELEASING = YES;
				CLANG_WARN_BOOL_CONVERSION = YES;
				CLANG_WARN_COMMA = YES;
				CLANG_WARN_CONSTANT_CONVERSION = YES;
				CLANG_WARN_DEPRECATED_OBJC_IMPLEMENTATIONS = YES;
				CLANG_WARN_DIRECT_OBJC_ISA_USAGE = YES_ERROR;
				CLANG_WARN_DOCUMENTATION_COMMENTS = YES;
				CLANG_WARN_EMPTY_BODY = YES;
				CLANG_WARN_ENUM_CONVERSION = YES;
				CLANG_WARN_INFINITE_RECURSION = YES;
				CLANG_WARN_INT_CONVERSION = YES;
				CLANG_WARN_NON_LITERAL_NULL_CONVERSION = YES;
				CLANG_WARN_OBJC_IMPLICIT_RETAIN_SELF = YES;
				CLANG_WARN_OBJC_LITERAL_CONVERSION = YES;
				CLANG_WARN_OBJC_ROOT_CLASS = YES_ERROR;
				CLANG_WARN_QUOTED_INCLUDE_IN_FRAMEWORK_HEADER = YES;
				CLANG_WARN_RANGE_LOOP_ANALYSIS = YES;
				CLANG_WARN_STRICT_PROTOTYPES = YES;
				CLANG_WARN_SUSPICIOUS_MOVE = YES;
				CLANG_WARN_UNGUARDED_AVAILABILITY = YES_AGGRESSIVE;
				CLANG_WARN_UNREACHABLE_CODE = YES;
				CLANG_WARN__DUPLICATE_METHOD_MATCH = YES;
				COPY_PHASE_STRIP = NO;
				DEBUG_INFORMATION_FORMAT = dwarf;
				ENABLE_STRICT_OBJC_MSGSEND = YES;
				ENABLE_TESTABILITY = YES;
				GCC_C_LANGUAGE_STANDARD = gnu11;
				GCC_DYNAMIC_NO_PIC = NO;
				GCC_NO_COMMON_BLOCKS = YES;
				GCC_OPTIMIZATION_LEVEL = 0;
				GCC_PREPROCESSOR_DEFINITIONS = (
					"DEBUG=1",
					"$(inherited)",
				);
				GCC_WARN_64_TO_32_BIT_CONVERSION = YES;
				GCC_WARN_ABOUT_RETURN_TYPE = YES_ERROR;
				GCC_WARN_UNDECLARED_SELECTOR = YES;
				GCC_WARN_UNINITIALIZED_AUTOS = YES_AGGRESSIVE;
				GCC_WARN_UNUSED_FUNCTION = YES;
				GCC_WARN_UNUSED_VARIABLE = YES;
				IPHONEOS_DEPLOYMENT_TARGET = 15.0;
				MTL_ENABLE_DEBUG_INFO = INCLUDE_SOURCE;
				MTL_FAST_MATH = YES;
				ONLY_ACTIVE_ARCH = YES;
				SDKROOT = iphoneos;
				SWIFT_ACTIVE_COMPILATION_CONDITIONS = DEBUG;
				SWIFT_OPTIMIZATION_LEVEL = "-Onone";
			};
			name = Debug;
		};
		469671D927A46B7B00E3EC49 /* Release */ = {
			isa = XCBuildConfiguration;
			buildSettings = {
				ALWAYS_SEARCH_USER_PATHS = NO;
				CLANG_ANALYZER_NONNULL = YES;
				CLANG_ANALYZER_NUMBER_OBJECT_CONVERSION = YES_AGGRESSIVE;
				CLANG_CXX_LANGUAGE_STANDARD = "gnu++17";
				CLANG_CXX_LIBRARY = "libc++";
				CLANG_ENABLE_MODULES = YES;
				CLANG_ENABLE_OBJC_ARC = YES;
				CLANG_ENABLE_OBJC_WEAK = YES;
				CLANG_WARN_BLOCK_CAPTURE_AUTORELEASING = YES;
				CLANG_WARN_BOOL_CONVERSION = YES;
				CLANG_WARN_COMMA = YES;
				CLANG_WARN_CONSTANT_CONVERSION = YES;
				CLANG_WARN_DEPRECATED_OBJC_IMPLEMENTATIONS = YES;
				CLANG_WARN_DIRECT_OBJC_ISA_USAGE = YES_ERROR;
				CLANG_WARN_DOCUMENTATION_COMMENTS = YES;
				CLANG_WARN_EMPTY_BODY = YES;
				CLANG_WARN_ENUM_CONVERSION = YES;
				CLANG_WARN_INFINITE_RECURSION = YES;
				CLANG_WARN_INT_CONVERSION = YES;
				CLANG_WARN_NON_LITERAL_NULL_CONVERSION = YES;
				CLANG_WARN_OBJC_IMPLICIT_RETAIN_SELF = YES;
				CLANG_WARN_OBJC_LITERAL_CONVERSION = YES;
				CLANG_WARN_OBJC_ROOT_CLASS = YES_ERROR;
				CLANG_WARN_QUOTED_INCLUDE_IN_FRAMEWORK_HEADER = YES;
				CLANG_WARN_RANGE_LOOP_ANALYSIS = YES;
				CLANG_WARN_STRICT_PROTOTYPES = YES;
				CLANG_WARN_SUSPICIOUS_MOVE = YES;
				CLANG_WARN_UNGUARDED_AVAILABILITY = YES_AGGRESSIVE;
				CLANG_WARN_UNREACHABLE_CODE = YES;
				CLANG_WARN__DUPLICATE_METHOD_MATCH = YES;
				COPY_PHASE_STRIP = NO;
				DEBUG_INFORMATION_FORMAT = "dwarf-with-dsym";
				ENABLE_NS_ASSERTIONS = NO;
				ENABLE_STRICT_OBJC_MSGSEND = YES;
				GCC_C_LANGUAGE_STANDARD = gnu11;
				GCC_NO_COMMON_BLOCKS = YES;
				GCC_WARN_64_TO_32_BIT_CONVERSION = YES;
				GCC_WARN_ABOUT_RETURN_TYPE = YES_ERROR;
				GCC_WARN_UNDECLARED_SELECTOR = YES;
				GCC_WARN_UNINITIALIZED_AUTOS = YES_AGGRESSIVE;
				GCC_WARN_UNUSED_FUNCTION = YES;
				GCC_WARN_UNUSED_VARIABLE = YES;
				IPHONEOS_DEPLOYMENT_TARGET = 15.0;
				MTL_ENABLE_DEBUG_INFO = NO;
				MTL_FAST_MATH = YES;
				SDKROOT = iphoneos;
				SWIFT_COMPILATION_MODE = wholemodule;
				SWIFT_OPTIMIZATION_LEVEL = "-O";
				VALIDATE_PRODUCT = YES;
			};
			name = Release;
		};
		469671DB27A46B7B00E3EC49 /* Debug */ = {
			isa = XCBuildConfiguration;
			buildSettings = {
				ASSETCATALOG_COMPILER_APPICON_NAME = AppIcon;
				ASSETCATALOG_COMPILER_GLOBAL_ACCENT_COLOR_NAME = AccentColor;
				CODE_SIGN_STYLE = Automatic;
				CURRENT_PROJECT_VERSION = 1;
				DEVELOPMENT_TEAM = RL6WJW484U;
				GENERATE_INFOPLIST_FILE = YES;
				INFOPLIST_FILE = StarWarsChallange/Info.plist;
				INFOPLIST_KEY_UIApplicationSupportsIndirectInputEvents = YES;
				INFOPLIST_KEY_UILaunchStoryboardName = LaunchScreen;
				INFOPLIST_KEY_UIMainStoryboardFile = Main;
				INFOPLIST_KEY_UISupportedInterfaceOrientations = UIInterfaceOrientationPortrait;
				INFOPLIST_KEY_UISupportedInterfaceOrientations_iPad = "UIInterfaceOrientationPortrait UIInterfaceOrientationPortraitUpsideDown UIInterfaceOrientationLandscapeLeft UIInterfaceOrientationLandscapeRight";
				INFOPLIST_KEY_UISupportedInterfaceOrientations_iPhone = "UIInterfaceOrientationPortrait UIInterfaceOrientationLandscapeLeft UIInterfaceOrientationLandscapeRight";
				LD_RUNPATH_SEARCH_PATHS = (
					"$(inherited)",
					"@executable_path/Frameworks",
				);
				MARKETING_VERSION = 1.0;
				PRODUCT_BUNDLE_IDENTIFIER = matt.dev.StarWarsChallange;
				PRODUCT_NAME = "$(TARGET_NAME)";
				SWIFT_EMIT_LOC_STRINGS = YES;
				SWIFT_VERSION = 5.0;
				TARGETED_DEVICE_FAMILY = "1,2";
			};
			name = Debug;
		};
		469671DC27A46B7B00E3EC49 /* Release */ = {
			isa = XCBuildConfiguration;
			buildSettings = {
				ASSETCATALOG_COMPILER_APPICON_NAME = AppIcon;
				ASSETCATALOG_COMPILER_GLOBAL_ACCENT_COLOR_NAME = AccentColor;
				CODE_SIGN_STYLE = Automatic;
				CURRENT_PROJECT_VERSION = 1;
				DEVELOPMENT_TEAM = RL6WJW484U;
				GENERATE_INFOPLIST_FILE = YES;
				INFOPLIST_FILE = StarWarsChallange/Info.plist;
				INFOPLIST_KEY_UIApplicationSupportsIndirectInputEvents = YES;
				INFOPLIST_KEY_UILaunchStoryboardName = LaunchScreen;
				INFOPLIST_KEY_UIMainStoryboardFile = Main;
				INFOPLIST_KEY_UISupportedInterfaceOrientations = UIInterfaceOrientationPortrait;
				INFOPLIST_KEY_UISupportedInterfaceOrientations_iPad = "UIInterfaceOrientationPortrait UIInterfaceOrientationPortraitUpsideDown UIInterfaceOrientationLandscapeLeft UIInterfaceOrientationLandscapeRight";
				INFOPLIST_KEY_UISupportedInterfaceOrientations_iPhone = "UIInterfaceOrientationPortrait UIInterfaceOrientationLandscapeLeft UIInterfaceOrientationLandscapeRight";
				LD_RUNPATH_SEARCH_PATHS = (
					"$(inherited)",
					"@executable_path/Frameworks",
				);
				MARKETING_VERSION = 1.0;
				PRODUCT_BUNDLE_IDENTIFIER = matt.dev.StarWarsChallange;
				PRODUCT_NAME = "$(TARGET_NAME)";
				SWIFT_EMIT_LOC_STRINGS = YES;
				SWIFT_VERSION = 5.0;
				TARGETED_DEVICE_FAMILY = "1,2";
			};
			name = Release;
		};
		469671DE27A46B7B00E3EC49 /* Debug */ = {
			isa = XCBuildConfiguration;
			buildSettings = {
				ALWAYS_EMBED_SWIFT_STANDARD_LIBRARIES = YES;
				BUNDLE_LOADER = "$(TEST_HOST)";
				CODE_SIGN_STYLE = Automatic;
				CURRENT_PROJECT_VERSION = 1;
				DEVELOPMENT_TEAM = RL6WJW484U;
				GENERATE_INFOPLIST_FILE = YES;
				IPHONEOS_DEPLOYMENT_TARGET = 15.0;
				LD_RUNPATH_SEARCH_PATHS = (
					"$(inherited)",
					"@executable_path/Frameworks",
					"@loader_path/Frameworks",
				);
				MARKETING_VERSION = 1.0;
				PRODUCT_BUNDLE_IDENTIFIER = matt.dev.StarWarsChallangeTests;
				PRODUCT_NAME = "$(TARGET_NAME)";
				SWIFT_EMIT_LOC_STRINGS = NO;
				SWIFT_VERSION = 5.0;
				TARGETED_DEVICE_FAMILY = "1,2";
				TEST_HOST = "$(BUILT_PRODUCTS_DIR)/StarWarsChallange.app/StarWarsChallange";
			};
			name = Debug;
		};
		469671DF27A46B7B00E3EC49 /* Release */ = {
			isa = XCBuildConfiguration;
			buildSettings = {
				ALWAYS_EMBED_SWIFT_STANDARD_LIBRARIES = YES;
				BUNDLE_LOADER = "$(TEST_HOST)";
				CODE_SIGN_STYLE = Automatic;
				CURRENT_PROJECT_VERSION = 1;
				DEVELOPMENT_TEAM = RL6WJW484U;
				GENERATE_INFOPLIST_FILE = YES;
				IPHONEOS_DEPLOYMENT_TARGET = 15.0;
				LD_RUNPATH_SEARCH_PATHS = (
					"$(inherited)",
					"@executable_path/Frameworks",
					"@loader_path/Frameworks",
				);
				MARKETING_VERSION = 1.0;
				PRODUCT_BUNDLE_IDENTIFIER = matt.dev.StarWarsChallangeTests;
				PRODUCT_NAME = "$(TARGET_NAME)";
				SWIFT_EMIT_LOC_STRINGS = NO;
				SWIFT_VERSION = 5.0;
				TARGETED_DEVICE_FAMILY = "1,2";
				TEST_HOST = "$(BUILT_PRODUCTS_DIR)/StarWarsChallange.app/StarWarsChallange";
			};
			name = Release;
		};
		469671E127A46B7B00E3EC49 /* Debug */ = {
			isa = XCBuildConfiguration;
			buildSettings = {
				ALWAYS_EMBED_SWIFT_STANDARD_LIBRARIES = YES;
				CODE_SIGN_STYLE = Automatic;
				CURRENT_PROJECT_VERSION = 1;
				DEVELOPMENT_TEAM = RL6WJW484U;
				GENERATE_INFOPLIST_FILE = YES;
				LD_RUNPATH_SEARCH_PATHS = (
					"$(inherited)",
					"@executable_path/Frameworks",
					"@loader_path/Frameworks",
				);
				MARKETING_VERSION = 1.0;
				PRODUCT_BUNDLE_IDENTIFIER = matt.dev.StarWarsChallangeUITests;
				PRODUCT_NAME = "$(TARGET_NAME)";
				SWIFT_EMIT_LOC_STRINGS = NO;
				SWIFT_VERSION = 5.0;
				TARGETED_DEVICE_FAMILY = "1,2";
				TEST_TARGET_NAME = StarWarsChallange;
			};
			name = Debug;
		};
		469671E227A46B7B00E3EC49 /* Release */ = {
			isa = XCBuildConfiguration;
			buildSettings = {
				ALWAYS_EMBED_SWIFT_STANDARD_LIBRARIES = YES;
				CODE_SIGN_STYLE = Automatic;
				CURRENT_PROJECT_VERSION = 1;
				DEVELOPMENT_TEAM = RL6WJW484U;
				GENERATE_INFOPLIST_FILE = YES;
				LD_RUNPATH_SEARCH_PATHS = (
					"$(inherited)",
					"@executable_path/Frameworks",
					"@loader_path/Frameworks",
				);
				MARKETING_VERSION = 1.0;
				PRODUCT_BUNDLE_IDENTIFIER = matt.dev.StarWarsChallangeUITests;
				PRODUCT_NAME = "$(TARGET_NAME)";
				SWIFT_EMIT_LOC_STRINGS = NO;
				SWIFT_VERSION = 5.0;
				TARGETED_DEVICE_FAMILY = "1,2";
				TEST_TARGET_NAME = StarWarsChallange;
			};
			name = Release;
		};
/* End XCBuildConfiguration section */

/* Begin XCConfigurationList section */
		469671AB27A46B7300E3EC49 /* Build configuration list for PBXProject "StarWarsChallange" */ = {
			isa = XCConfigurationList;
			buildConfigurations = (
				469671D827A46B7B00E3EC49 /* Debug */,
				469671D927A46B7B00E3EC49 /* Release */,
			);
			defaultConfigurationIsVisible = 0;
			defaultConfigurationName = Release;
		};
		469671DA27A46B7B00E3EC49 /* Build configuration list for PBXNativeTarget "StarWarsChallange" */ = {
			isa = XCConfigurationList;
			buildConfigurations = (
				469671DB27A46B7B00E3EC49 /* Debug */,
				469671DC27A46B7B00E3EC49 /* Release */,
			);
			defaultConfigurationIsVisible = 0;
			defaultConfigurationName = Release;
		};
		469671DD27A46B7B00E3EC49 /* Build configuration list for PBXNativeTarget "StarWarsChallangeTests" */ = {
			isa = XCConfigurationList;
			buildConfigurations = (
				469671DE27A46B7B00E3EC49 /* Debug */,
				469671DF27A46B7B00E3EC49 /* Release */,
			);
			defaultConfigurationIsVisible = 0;
			defaultConfigurationName = Release;
		};
		469671E027A46B7B00E3EC49 /* Build configuration list for PBXNativeTarget "StarWarsChallangeUITests" */ = {
			isa = XCConfigurationList;
			buildConfigurations = (
				469671E127A46B7B00E3EC49 /* Debug */,
				469671E227A46B7B00E3EC49 /* Release */,
			);
			defaultConfigurationIsVisible = 0;
			defaultConfigurationName = Release;
		};
/* End XCConfigurationList section */
	};
	rootObject = 469671A827A46B7300E3EC49 /* Project object */;
}
